# generated by rye
# use `rye lock` or `rye sync` to update this lockfile
#
# last locked with the following flags:
#   pre: false
#   features: []
#   all-features: false
#   with-sources: false
#   generate-hashes: false

-e file:.
anywidget==0.9.12
    # via quak
asttokens==2.4.1
    # via stack-data
comm==0.2.2
    # via ipywidgets
decorator==5.1.1
    # via ipython
duckdb==1.0.0
    # via quak
executing==2.0.1
    # via stack-data
ipython==8.25.0
    # via ipywidgets
ipywidgets==8.1.3
    # via anywidget
jedi==0.19.1
    # via ipython
jupyterlab-widgets==3.0.11
    # via ipywidgets
matplotlib-inline==0.1.7
    # via ipython
numpy==2.0.0
    # via pyarrow
parso==0.8.4
    # via jedi
pexpect==4.9.0
    # via ipython
prompt-toolkit==3.0.47
    # via ipython
psygnal==0.11.1
    # via anywidget
ptyprocess==0.7.0
    # via pexpect
pure-eval==0.2.2
    # via stack-data
pyarrow==16.1.0
    # via quak
pygments==2.18.0
    # via ipython
six==1.16.0
    # via asttokens
stack-data==0.6.3
    # via ipython
traitlets==5.14.3
    # via comm
    # via ipython
    # via ipywidgets
    # via matplotlib-inline
typing-extensions==4.12.2
    # via anywidget
wcwidth==0.2.13
    # via prompt-toolkit
widgetsnbextension==4.0.11
    # via ipywidgets
